// !$*UTF8*$!
{
	archiveVersion = 1;
	classes = {
	};
	objectVersion = 56;
	objects = {

/* Begin PBXBuildFile section */
		331854192B866BCF009D6ECE /* AppDelegate.swift in Sources */ = {isa = PBXBuildFile; fileRef = 331854182B866BCF009D6ECE /* AppDelegate.swift */; };
		3318541B2B866BCF009D6ECE /* Shaders.metal in Sources */ = {isa = PBXBuildFile; fileRef = 3318541A2B866BCF009D6ECE /* Shaders.metal */; };
		3318541E2B866BCF009D6ECE /* Renderer.swift in Sources */ = {isa = PBXBuildFile; fileRef = 3318541D2B866BCF009D6ECE /* Renderer.swift */; };
		331854202B866BCF009D6ECE /* ViewController.swift in Sources */ = {isa = PBXBuildFile; fileRef = 3318541F2B866BCF009D6ECE /* ViewController.swift */; };
		331854232B866BCF009D6ECE /* Main.storyboard in Resources */ = {isa = PBXBuildFile; fileRef = 331854212B866BCF009D6ECE /* Main.storyboard */; };
		331854252B866BD0009D6ECE /* Assets.xcassets in Resources */ = {isa = PBXBuildFile; fileRef = 331854242B866BD0009D6ECE /* Assets.xcassets */; };
		331854282B866BD0009D6ECE /* LaunchScreen.storyboard in Resources */ = {isa = PBXBuildFile; fileRef = 331854262B866BD0009D6ECE /* LaunchScreen.storyboard */; };
		335B4FB42B86ABAD008CFA86 /* HamburgerViewController.swift in Sources */ = {isa = PBXBuildFile; fileRef = 335B4FB32B86ABAD008CFA86 /* HamburgerViewController.swift */; };
		6C0B848E6DEC7A8B22F99A72 /* Pods_ARGoogleMaps.framework in Frameworks */ = {isa = PBXBuildFile; fileRef = 8E7DE846E0B9A6D65079CD22 /* Pods_ARGoogleMaps.framework */; };
/* End PBXBuildFile section */

/* Begin PBXFileReference section */
		2323B5581DA131B4BDD9542F /* Pods-ARGoogleMaps.release.xcconfig */ = {isa = PBXFileReference; includeInIndex = 1; lastKnownFileType = text.xcconfig; name = "Pods-ARGoogleMaps.release.xcconfig"; path = "Target Support Files/Pods-ARGoogleMaps/Pods-ARGoogleMaps.release.xcconfig"; sourceTree = "<group>"; };
		331854152B866BCF009D6ECE /* ARGoogleMaps.app */ = {isa = PBXFileReference; explicitFileType = wrapper.application; includeInIndex = 0; path = ARGoogleMaps.app; sourceTree = BUILT_PRODUCTS_DIR; };
		331854182B866BCF009D6ECE /* AppDelegate.swift */ = {isa = PBXFileReference; lastKnownFileType = sourcecode.swift; path = AppDelegate.swift; sourceTree = "<group>"; };
		3318541A2B866BCF009D6ECE /* Shaders.metal */ = {isa = PBXFileReference; lastKnownFileType = sourcecode.metal; path = Shaders.metal; sourceTree = "<group>"; };
		3318541C2B866BCF009D6ECE /* ShaderTypes.h */ = {isa = PBXFileReference; lastKnownFileType = sourcecode.c.h; path = ShaderTypes.h; sourceTree = "<group>"; };
		3318541D2B866BCF009D6ECE /* Renderer.swift */ = {isa = PBXFileReference; lastKnownFileType = sourcecode.swift; path = Renderer.swift; sourceTree = "<group>"; };
		3318541F2B866BCF009D6ECE /* ViewController.swift */ = {isa = PBXFileReference; lastKnownFileType = sourcecode.swift; path = ViewController.swift; sourceTree = "<group>"; };
		331854222B866BCF009D6ECE /* Base */ = {isa = PBXFileReference; lastKnownFileType = file.storyboard; name = Base; path = Base.lproj/Main.storyboard; sourceTree = "<group>"; };
		331854242B866BD0009D6ECE /* Assets.xcassets */ = {isa = PBXFileReference; lastKnownFileType = folder.assetcatalog; path = Assets.xcassets; sourceTree = "<group>"; };
		331854272B866BD0009D6ECE /* Base */ = {isa = PBXFileReference; lastKnownFileType = file.storyboard; name = Base; path = Base.lproj/LaunchScreen.storyboard; sourceTree = "<group>"; };
		331854292B866BD0009D6ECE /* ARGoogleMaps-Bridging-Header.h */ = {isa = PBXFileReference; lastKnownFileType = sourcecode.c.h; path = "ARGoogleMaps-Bridging-Header.h"; sourceTree = "<group>"; };
		335B4FB32B86ABAD008CFA86 /* HamburgerViewController.swift */ = {isa = PBXFileReference; lastKnownFileType = sourcecode.swift; path = HamburgerViewController.swift; sourceTree = "<group>"; };
		8E7DE846E0B9A6D65079CD22 /* Pods_ARGoogleMaps.framework */ = {isa = PBXFileReference; explicitFileType = wrapper.framework; includeInIndex = 0; path = Pods_ARGoogleMaps.framework; sourceTree = BUILT_PRODUCTS_DIR; };
		C2C11B70C38E1CAAA917CB3B /* Pods-ARGoogleMaps.debug.xcconfig */ = {isa = PBXFileReference; includeInIndex = 1; lastKnownFileType = text.xcconfig; name = "Pods-ARGoogleMaps.debug.xcconfig"; path = "Target Support Files/Pods-ARGoogleMaps/Pods-ARGoogleMaps.debug.xcconfig"; sourceTree = "<group>"; };
/* End PBXFileReference section */

/* Begin PBXFrameworksBuildPhase section */
		331854122B866BCF009D6ECE /* Frameworks */ = {
			isa = PBXFrameworksBuildPhase;
			buildActionMask = 2147483647;
			files = (
				6C0B848E6DEC7A8B22F99A72 /* Pods_ARGoogleMaps.framework in Frameworks */,
			);
			runOnlyForDeploymentPostprocessing = 0;
		};
/* End PBXFrameworksBuildPhase section */

/* Begin PBXGroup section */
		034245C77AFD3405CFCF219A /* Frameworks */ = {
			isa = PBXGroup;
			children = (
				8E7DE846E0B9A6D65079CD22 /* Pods_ARGoogleMaps.framework */,
			);
			name = Frameworks;
			sourceTree = "<group>";
		};
		3318540C2B866BCF009D6ECE = {
			isa = PBXGroup;
			children = (
				331854172B866BCF009D6ECE /* ARGoogleMaps */,
				331854162B866BCF009D6ECE /* Products */,
				B2FD7216D25994794DAE2DE0 /* Pods */,
				034245C77AFD3405CFCF219A /* Frameworks */,
			);
			sourceTree = "<group>";
		};
		331854162B866BCF009D6ECE /* Products */ = {
			isa = PBXGroup;
			children = (
				331854152B866BCF009D6ECE /* ARGoogleMaps.app */,
			);
			name = Products;
			sourceTree = "<group>";
		};
		331854172B866BCF009D6ECE /* ARGoogleMaps */ = {
			isa = PBXGroup;
			children = (
				331854182B866BCF009D6ECE /* AppDelegate.swift */,
				3318541A2B866BCF009D6ECE /* Shaders.metal */,
				3318541C2B866BCF009D6ECE /* ShaderTypes.h */,
				3318541D2B866BCF009D6ECE /* Renderer.swift */,
				3318541F2B866BCF009D6ECE /* ViewController.swift */,
				331854212B866BCF009D6ECE /* Main.storyboard */,
				331854242B866BD0009D6ECE /* Assets.xcassets */,
				331854262B866BD0009D6ECE /* LaunchScreen.storyboard */,
				331854292B866BD0009D6ECE /* ARGoogleMaps-Bridging-Header.h */,
				335B4FB32B86ABAD008CFA86 /* HamburgerViewController.swift */,
			);
			path = ARGoogleMaps;
			sourceTree = "<group>";
		};
		B2FD7216D25994794DAE2DE0 /* Pods */ = {
			isa = PBXGroup;
			children = (
				C2C11B70C38E1CAAA917CB3B /* Pods-ARGoogleMaps.debug.xcconfig */,
				2323B5581DA131B4BDD9542F /* Pods-ARGoogleMaps.release.xcconfig */,
			);
			path = Pods;
			sourceTree = "<group>";
		};
/* End PBXGroup section */

/* Begin PBXNativeTarget section */
		331854142B866BCF009D6ECE /* ARGoogleMaps */ = {
			isa = PBXNativeTarget;
			buildConfigurationList = 3318542C2B866BD0009D6ECE /* Build configuration list for PBXNativeTarget "ARGoogleMaps" */;
			buildPhases = (
				38BA13D451A982B5B75F5205 /* [CP] Check Pods Manifest.lock */,
				331854112B866BCF009D6ECE /* Sources */,
				331854122B866BCF009D6ECE /* Frameworks */,
				331854132B866BCF009D6ECE /* Resources */,
				EB513AFE2F1265213D5DD030 /* [CP] Copy Pods Resources */,
			);
			buildRules = (
			);
			dependencies = (
			);
			name = ARGoogleMaps;
			productName = ARGoogleMaps;
			productReference = 331854152B866BCF009D6ECE /* ARGoogleMaps.app */;
			productType = "com.apple.product-type.application";
		};
/* End PBXNativeTarget section */

/* Begin PBXProject section */
		3318540D2B866BCF009D6ECE /* Project object */ = {
			isa = PBXProject;
			attributes = {
				BuildIndependentTargetsInParallel = 1;
				LastSwiftUpdateCheck = 1520;
				LastUpgradeCheck = 1520;
				TargetAttributes = {
					331854142B866BCF009D6ECE = {
						CreatedOnToolsVersion = 15.2;
					};
				};
			};
			buildConfigurationList = 331854102B866BCF009D6ECE /* Build configuration list for PBXProject "ARGoogleMaps" */;
			compatibilityVersion = "Xcode 14.0";
			developmentRegion = en;
			hasScannedForEncodings = 0;
			knownRegions = (
				en,
				Base,
			);
			mainGroup = 3318540C2B866BCF009D6ECE;
			productRefGroup = 331854162B866BCF009D6ECE /* Products */;
			projectDirPath = "";
			projectRoot = "";
			targets = (
				331854142B866BCF009D6ECE /* ARGoogleMaps */,
			);
		};
/* End PBXProject section */

/* Begin PBXResourcesBuildPhase section */
		331854132B866BCF009D6ECE /* Resources */ = {
			isa = PBXResourcesBuildPhase;
			buildActionMask = 2147483647;
			files = (
				331854282B866BD0009D6ECE /* LaunchScreen.storyboard in Resources */,
				331854252B866BD0009D6ECE /* Assets.xcassets in Resources */,
				331854232B866BCF009D6ECE /* Main.storyboard in Resources */,
			);
			runOnlyForDeploymentPostprocessing = 0;
		};
/* End PBXResourcesBuildPhase section */

/* Begin PBXShellScriptBuildPhase section */
		38BA13D451A982B5B75F5205 /* [CP] Check Pods Manifest.lock */ = {
			isa = PBXShellScriptBuildPhase;
			buildActionMask = 2147483647;
			files = (
			);
			inputFileListPaths = (
			);
			inputPaths = (
				"${PODS_PODFILE_DIR_PATH}/Podfile.lock",
				"${PODS_ROOT}/Manifest.lock",
			);
			name = "[CP] Check Pods Manifest.lock";
			outputFileListPaths = (
			);
			outputPaths = (
				"$(DERIVED_FILE_DIR)/Pods-ARGoogleMaps-checkManifestLockResult.txt",
			);
			runOnlyForDeploymentPostprocessing = 0;
			shellPath = /bin/sh;
			shellScript = "diff \"${PODS_PODFILE_DIR_PATH}/Podfile.lock\" \"${PODS_ROOT}/Manifest.lock\" > /dev/null\nif [ $? != 0 ] ; then\n    # print error to STDERR\n    echo \"error: The sandbox is not in sync with the Podfile.lock. Run 'pod install' or update your CocoaPods installation.\" >&2\n    exit 1\nfi\n# This output is used by Xcode 'outputs' to avoid re-running this script phase.\necho \"SUCCESS\" > \"${SCRIPT_OUTPUT_FILE_0}\"\n";
			showEnvVarsInLog = 0;
		};
		EB513AFE2F1265213D5DD030 /* [CP] Copy Pods Resources */ = {
			isa = PBXShellScriptBuildPhase;
			buildActionMask = 2147483647;
			files = (
			);
			inputFileListPaths = (
				"${PODS_ROOT}/Target Support Files/Pods-ARGoogleMaps/Pods-ARGoogleMaps-resources-${CONFIGURATION}-input-files.xcfilelist",
			);
			name = "[CP] Copy Pods Resources";
			outputFileListPaths = (
				"${PODS_ROOT}/Target Support Files/Pods-ARGoogleMaps/Pods-ARGoogleMaps-resources-${CONFIGURATION}-output-files.xcfilelist",
			);
			runOnlyForDeploymentPostprocessing = 0;
			shellPath = /bin/sh;
			shellScript = "\"${PODS_ROOT}/Target Support Files/Pods-ARGoogleMaps/Pods-ARGoogleMaps-resources.sh\"\n";
			showEnvVarsInLog = 0;
		};
/* End PBXShellScriptBuildPhase section */

/* Begin PBXSourcesBuildPhase section */
		331854112B866BCF009D6ECE /* Sources */ = {
			isa = PBXSourcesBuildPhase;
			buildActionMask = 2147483647;
			files = (
				3318541B2B866BCF009D6ECE /* Shaders.metal in Sources */,
				3318541E2B866BCF009D6ECE /* Renderer.swift in Sources */,
				331854202B866BCF009D6ECE /* ViewController.swift in Sources */,
				335B4FB42B86ABAD008CFA86 /* HamburgerViewController.swift in Sources */,
				331854192B866BCF009D6ECE /* AppDelegate.swift in Sources */,
			);
			runOnlyForDeploymentPostprocessing = 0;
		};
/* End PBXSourcesBuildPhase section */

/* Begin PBXVariantGroup section */
		331854212B866BCF009D6ECE /* Main.storyboard */ = {
			isa = PBXVariantGroup;
			children = (
				331854222B866BCF009D6ECE /* Base */,
			);
			name = Main.storyboard;
			sourceTree = "<group>";
		};
		331854262B866BD0009D6ECE /* LaunchScreen.storyboard */ = {
			isa = PBXVariantGroup;
			children = (
				331854272B866BD0009D6ECE /* Base */,
			);
			name = LaunchScreen.storyboard;
			sourceTree = "<group>";
		};
/* End PBXVariantGroup section */

/* Begin XCBuildConfiguration section */
		3318542A2B866BD0009D6ECE /* Debug */ = {
			isa = XCBuildConfiguration;
			buildSettings = {
				ALWAYS_SEARCH_USER_PATHS = NO;
				ASSETCATALOG_COMPILER_GENERATE_SWIFT_ASSET_SYMBOL_EXTENSIONS = YES;
				CLANG_ANALYZER_NONNULL = YES;
				CLANG_ANALYZER_NUMBER_OBJECT_CONVERSION = YES_AGGRESSIVE;
				CLANG_CXX_LANGUAGE_STANDARD = "gnu++20";
				CLANG_ENABLE_MODULES = YES;
				CLANG_ENABLE_OBJC_ARC = YES;
				CLANG_ENABLE_OBJC_WEAK = YES;
				CLANG_WARN_BLOCK_CAPTURE_AUTORELEASING = YES;
				CLANG_WARN_BOOL_CONVERSION = YES;
				CLANG_WARN_COMMA = YES;
				CLANG_WARN_CONSTANT_CONVERSION = YES;
				CLANG_WARN_DEPRECATED_OBJC_IMPLEMENTATIONS = YES;
				CLANG_WARN_DIRECT_OBJC_ISA_USAGE = YES_ERROR;
				CLANG_WARN_DOCUMENTATION_COMMENTS = YES;
				CLANG_WARN_EMPTY_BODY = YES;
				CLANG_WARN_ENUM_CONVERSION = YES;
				CLANG_WARN_INFINITE_RECURSION = YES;
				CLANG_WARN_INT_CONVERSION = YES;
				CLANG_WARN_NON_LITERAL_NULL_CONVERSION = YES;
				CLANG_WARN_OBJC_IMPLICIT_RETAIN_SELF = YES;
				CLANG_WARN_OBJC_LITERAL_CONVERSION = YES;
				CLANG_WARN_OBJC_ROOT_CLASS = YES_ERROR;
				CLANG_WARN_QUOTED_INCLUDE_IN_FRAMEWORK_HEADER = YES;
				CLANG_WARN_RANGE_LOOP_ANALYSIS = YES;
				CLANG_WARN_STRICT_PROTOTYPES = YES;
				CLANG_WARN_SUSPICIOUS_MOVE = YES;
				CLANG_WARN_UNGUARDED_AVAILABILITY = YES_AGGRESSIVE;
				CLANG_WARN_UNREACHABLE_CODE = YES;
				CLANG_WARN__DUPLICATE_METHOD_MATCH = YES;
				COPY_PHASE_STRIP = NO;
				DEBUG_INFORMATION_FORMAT = dwarf;
				ENABLE_STRICT_OBJC_MSGSEND = YES;
				ENABLE_TESTABILITY = YES;
				ENABLE_USER_SCRIPT_SANDBOXING = YES;
				GCC_C_LANGUAGE_STANDARD = gnu17;
				GCC_DYNAMIC_NO_PIC = NO;
				GCC_NO_COMMON_BLOCKS = YES;
				GCC_OPTIMIZATION_LEVEL = 0;
				GCC_PREPROCESSOR_DEFINITIONS = (
					"DEBUG=1",
					"$(inherited)",
				);
				GCC_WARN_64_TO_32_BIT_CONVERSION = YES;
				GCC_WARN_ABOUT_RETURN_TYPE = YES_ERROR;
				GCC_WARN_UNDECLARED_SELECTOR = YES;
				GCC_WARN_UNINITIALIZED_AUTOS = YES_AGGRESSIVE;
				GCC_WARN_UNUSED_FUNCTION = YES;
				GCC_WARN_UNUSED_VARIABLE = YES;
				IPHONEOS_DEPLOYMENT_TARGET = 17.2;
				LOCALIZATION_PREFERS_STRING_CATALOGS = YES;
				MTL_ENABLE_DEBUG_INFO = INCLUDE_SOURCE;
				MTL_FAST_MATH = YES;
				ONLY_ACTIVE_ARCH = YES;
				SDKROOT = iphoneos;
				SWIFT_ACTIVE_COMPILATION_CONDITIONS = "DEBUG $(inherited)";
				SWIFT_OPTIMIZATION_LEVEL = "-Onone";
			};
			name = Debug;
		};
		3318542B2B866BD0009D6ECE /* Release */ = {
			isa = XCBuildConfiguration;
			buildSettings = {
				ALWAYS_SEARCH_USER_PATHS = NO;
				ASSETCATALOG_COMPILER_GENERATE_SWIFT_ASSET_SYMBOL_EXTENSIONS = YES;
				CLANG_ANALYZER_NONNULL = YES;
				CLANG_ANALYZER_NUMBER_OBJECT_CONVERSION = YES_AGGRESSIVE;
				CLANG_CXX_LANGUAGE_STANDARD = "gnu++20";
				CLANG_ENABLE_MODULES = YES;
				CLANG_ENABLE_OBJC_ARC = YES;
				CLANG_ENABLE_OBJC_WEAK = YES;
				CLANG_WARN_BLOCK_CAPTURE_AUTORELEASING = YES;
				CLANG_WARN_BOOL_CONVERSION = YES;
				CLANG_WARN_COMMA = YES;
				CLANG_WARN_CONSTANT_CONVERSION = YES;
				CLANG_WARN_DEPRECATED_OBJC_IMPLEMENTATIONS = YES;
				CLANG_WARN_DIRECT_OBJC_ISA_USAGE = YES_ERROR;
				CLANG_WARN_DOCUMENTATION_COMMENTS = YES;
				CLANG_WARN_EMPTY_BODY = YES;
				CLANG_WARN_ENUM_CONVERSION = YES;
				CLANG_WARN_INFINITE_RECURSION = YES;
				CLANG_WARN_INT_CONVERSION = YES;
				CLANG_WARN_NON_LITERAL_NULL_CONVERSION = YES;
				CLANG_WARN_OBJC_IMPLICIT_RETAIN_SELF = YES;
				CLANG_WARN_OBJC_LITERAL_CONVERSION = YES;
				CLANG_WARN_OBJC_ROOT_CLASS = YES_ERROR;
				CLANG_WARN_QUOTED_INCLUDE_IN_FRAMEWORK_HEADER = YES;
				CLANG_WARN_RANGE_LOOP_ANALYSIS = YES;
				CLANG_WARN_STRICT_PROTOTYPES = YES;
				CLANG_WARN_SUSPICIOUS_MOVE = YES;
				CLANG_WARN_UNGUARDED_AVAILABILITY = YES_AGGRESSIVE;
				CLANG_WARN_UNREACHABLE_CODE = YES;
				CLANG_WARN__DUPLICATE_METHOD_MATCH = YES;
				COPY_PHASE_STRIP = NO;
				DEBUG_INFORMATION_FORMAT = "dwarf-with-dsym";
				ENABLE_NS_ASSERTIONS = NO;
				ENABLE_STRICT_OBJC_MSGSEND = YES;
				ENABLE_USER_SCRIPT_SANDBOXING = YES;
				GCC_C_LANGUAGE_STANDARD = gnu17;
				GCC_NO_COMMON_BLOCKS = YES;
				GCC_WARN_64_TO_32_BIT_CONVERSION = YES;
				GCC_WARN_ABOUT_RETURN_TYPE = YES_ERROR;
				GCC_WARN_UNDECLARED_SELECTOR = YES;
				GCC_WARN_UNINITIALIZED_AUTOS = YES_AGGRESSIVE;
				GCC_WARN_UNUSED_FUNCTION = YES;
				GCC_WARN_UNUSED_VARIABLE = YES;
				IPHONEOS_DEPLOYMENT_TARGET = 17.2;
				LOCALIZATION_PREFERS_STRING_CATALOGS = YES;
				MTL_ENABLE_DEBUG_INFO = NO;
				MTL_FAST_MATH = YES;
				SDKROOT = iphoneos;
				SWIFT_COMPILATION_MODE = wholemodule;
				VALIDATE_PRODUCT = YES;
			};
			name = Release;
		};
		3318542D2B866BD0009D6ECE /* Debug */ = {
			isa = XCBuildConfiguration;
			baseConfigurationReference = C2C11B70C38E1CAAA917CB3B /* Pods-ARGoogleMaps.debug.xcconfig */;
			buildSettings = {
				ASSETCATALOG_COMPILER_APPICON_NAME = AppIcon;
				ASSETCATALOG_COMPILER_GLOBAL_ACCENT_COLOR_NAME = AccentColor;
				CODE_SIGN_STYLE = Automatic;
				CURRENT_PROJECT_VERSION = 1;
				DEVELOPMENT_TEAM = 253SX8MAL3;
				ENABLE_USER_SCRIPT_SANDBOXING = NO;
				"EXCLUDED_ARCHS[sdk=iphonesimulator*]" = arm64;
				GENERATE_INFOPLIST_FILE = YES;
				INFOPLIST_KEY_NSCameraUsageDescription = "";
				INFOPLIST_KEY_NSLocationWhenInUseUsageDescription = "Please allow access to see your location.";
				INFOPLIST_KEY_UIApplicationSupportsIndirectInputEvents = YES;
				INFOPLIST_KEY_UILaunchStoryboardName = LaunchScreen;
				INFOPLIST_KEY_UIMainStoryboardFile = Main;
				INFOPLIST_KEY_UIRequiredDeviceCapabilities = "arkit metal";
				INFOPLIST_KEY_UIRequiresFullScreen = YES;
				INFOPLIST_KEY_UIStatusBarHidden = YES;
				INFOPLIST_KEY_UISupportedInterfaceOrientations = UIInterfaceOrientationLandscapeRight;
				INFOPLIST_KEY_UISupportedInterfaceOrientations_iPad = UIInterfaceOrientationLandscapeRight;
				INFOPLIST_KEY_UISupportedInterfaceOrientations_iPhone = UIInterfaceOrientationLandscapeRight;
				LD_RUNPATH_SEARCH_PATHS = (
					"$(inherited)",
					"@executable_path/Frameworks",
				);
				MARKETING_VERSION = 1.0;
				ONLY_ACTIVE_ARCH = YES;
				PRODUCT_BUNDLE_IDENTIFIER = mmaggiore.ARGoogleMaps;
				PRODUCT_NAME = "$(TARGET_NAME)";
				SWIFT_EMIT_LOC_STRINGS = YES;
				SWIFT_OBJC_BRIDGING_HEADER = "ARGoogleMaps/ARGoogleMaps-Bridging-Header.h";
				SWIFT_VERSION = 5.0;
				TARGETED_DEVICE_FAMILY = "1,2";
			};
			name = Debug;
		};
		3318542E2B866BD0009D6ECE /* Release */ = {
			isa = XCBuildConfiguration;
			baseConfigurationReference = 2323B5581DA131B4BDD9542F /* Pods-ARGoogleMaps.release.xcconfig */;
			buildSettings = {
				ASSETCATALOG_COMPILER_APPICON_NAME = AppIcon;
				ASSETCATALOG_COMPILER_GLOBAL_ACCENT_COLOR_NAME = AccentColor;
				CODE_SIGN_STYLE = Automatic;
				CURRENT_PROJECT_VERSION = 1;
				DEVELOPMENT_TEAM = 253SX8MAL3;
				ENABLE_USER_SCRIPT_SANDBOXING = NO;
				"EXCLUDED_ARCHS[sdk=iphonesimulator*]" = arm64;
				GENERATE_INFOPLIST_FILE = YES;
				INFOPLIST_KEY_NSCameraUsageDescription = "";
				INFOPLIST_KEY_NSLocationWhenInUseUsageDescription = "Please allow access to see your location.";
				INFOPLIST_KEY_UIApplicationSupportsIndirectInputEvents = YES;
				INFOPLIST_KEY_UILaunchStoryboardName = LaunchScreen;
				INFOPLIST_KEY_UIMainStoryboardFile = Main;
				INFOPLIST_KEY_UIRequiredDeviceCapabilities = "arkit metal";
				INFOPLIST_KEY_UIRequiresFullScreen = YES;
				INFOPLIST_KEY_UIStatusBarHidden = YES;
				INFOPLIST_KEY_UISupportedInterfaceOrientations = UIInterfaceOrientationLandscapeRight;
				INFOPLIST_KEY_UISupportedInterfaceOrientations_iPad = UIInterfaceOrientationLandscapeRight;
				INFOPLIST_KEY_UISupportedInterfaceOrientations_iPhone = UIInterfaceOrientationLandscapeRight;
				LD_RUNPATH_SEARCH_PATHS = (
					"$(inherited)",
					"@executable_path/Frameworks",
				);
				MARKETING_VERSION = 1.0;
				ONLY_ACTIVE_ARCH = YES;
				PRODUCT_BUNDLE_IDENTIFIER = mmaggiore.ARGoogleMaps;
				PRODUCT_NAME = "$(TARGET_NAME)";
				SWIFT_EMIT_LOC_STRINGS = YES;
				SWIFT_OBJC_BRIDGING_HEADER = "ARGoogleMaps/ARGoogleMaps-Bridging-Header.h";
				SWIFT_VERSION = 5.0;
				TARGETED_DEVICE_FAMILY = "1,2";
			};
			name = Release;
		};
/* End XCBuildConfiguration section */

/* Begin XCConfigurationList section */
		331854102B866BCF009D6ECE /* Build configuration list for PBXProject "ARGoogleMaps" */ = {
			isa = XCConfigurationList;
			buildConfigurations = (
				3318542A2B866BD0009D6ECE /* Debug */,
				3318542B2B866BD0009D6ECE /* Release */,
			);
			defaultConfigurationIsVisible = 0;
			defaultConfigurationName = Release;
		};
		3318542C2B866BD0009D6ECE /* Build configuration list for PBXNativeTarget "ARGoogleMaps" */ = {
			isa = XCConfigurationList;
			buildConfigurations = (
				3318542D2B866BD0009D6ECE /* Debug */,
				3318542E2B866BD0009D6ECE /* Release */,
			);
			defaultConfigurationIsVisible = 0;
			defaultConfigurationName = Release;
		};
/* End XCConfigurationList section */
	};
	rootObject = 3318540D2B866BCF009D6ECE /* Project object */;
}
